// !$*UTF8*$!
{
	archiveVersion = 1;
	classes = {
	};
	objectVersion = 56;
	objects = {

/* Begin PBXBuildFile section */
		6AFACA172B7A6A2A00BA711E /* AppDelegate.swift in Sources */ = {isa = PBXBuildFile; fileRef = 6AFACA162B7A6A2A00BA711E /* AppDelegate.swift */; };
		6AFACA192B7A6A2A00BA711E /* SceneDelegate.swift in Sources */ = {isa = PBXBuildFile; fileRef = 6AFACA182B7A6A2A00BA711E /* SceneDelegate.swift */; };
		6AFACA1B2B7A6A2A00BA711E /* ViewController.swift in Sources */ = {isa = PBXBuildFile; fileRef = 6AFACA1A2B7A6A2A00BA711E /* ViewController.swift */; };
		6AFACA1E2B7A6A2A00BA711E /* Main.storyboard in Resources */ = {isa = PBXBuildFile; fileRef = 6AFACA1C2B7A6A2A00BA711E /* Main.storyboard */; };
		6AFACA202B7A6A2C00BA711E /* Assets.xcassets in Resources */ = {isa = PBXBuildFile; fileRef = 6AFACA1F2B7A6A2C00BA711E /* Assets.xcassets */; };
		6AFACA232B7A6A2C00BA711E /* LaunchScreen.storyboard in Resources */ = {isa = PBXBuildFile; fileRef = 6AFACA212B7A6A2C00BA711E /* LaunchScreen.storyboard */; };
		6AFACA2E2B7A6A2C00BA711E /* TextMagTests.swift in Sources */ = {isa = PBXBuildFile; fileRef = 6AFACA2D2B7A6A2C00BA711E /* TextMagTests.swift */; };
		6AFACA382B7A6A2C00BA711E /* TextMagUITests.swift in Sources */ = {isa = PBXBuildFile; fileRef = 6AFACA372B7A6A2C00BA711E /* TextMagUITests.swift */; };
		6AFACA3A2B7A6A2C00BA711E /* TextMagUITestsLaunchTests.swift in Sources */ = {isa = PBXBuildFile; fileRef = 6AFACA392B7A6A2C00BA711E /* TextMagUITestsLaunchTests.swift */; };
/* End PBXBuildFile section */

/* Begin PBXContainerItemProxy section */
		6AFACA2A2B7A6A2C00BA711E /* PBXContainerItemProxy */ = {
			isa = PBXContainerItemProxy;
			containerPortal = 6AFACA0B2B7A6A2A00BA711E /* Project object */;
			proxyType = 1;
			remoteGlobalIDString = 6AFACA122B7A6A2A00BA711E;
			remoteInfo = TextMag;
		};
		6AFACA342B7A6A2C00BA711E /* PBXContainerItemProxy */ = {
			isa = PBXContainerItemProxy;
			containerPortal = 6AFACA0B2B7A6A2A00BA711E /* Project object */;
			proxyType = 1;
			remoteGlobalIDString = 6AFACA122B7A6A2A00BA711E;
			remoteInfo = TextMag;
		};
/* End PBXContainerItemProxy section */

/* Begin PBXFileReference section */
		6AFACA132B7A6A2A00BA711E /* TextMag.app */ = {isa = PBXFileReference; explicitFileType = wrapper.application; includeInIndex = 0; path = TextMag.app; sourceTree = BUILT_PRODUCTS_DIR; };
		6AFACA162B7A6A2A00BA711E /* AppDelegate.swift */ = {isa = PBXFileReference; lastKnownFileType = sourcecode.swift; path = AppDelegate.swift; sourceTree = "<group>"; };
		6AFACA182B7A6A2A00BA711E /* SceneDelegate.swift */ = {isa = PBXFileReference; lastKnownFileType = sourcecode.swift; path = SceneDelegate.swift; sourceTree = "<group>"; };
		6AFACA1A2B7A6A2A00BA711E /* ViewController.swift */ = {isa = PBXFileReference; lastKnownFileType = sourcecode.swift; path = ViewController.swift; sourceTree = "<group>"; };
		6AFACA1D2B7A6A2A00BA711E /* Base */ = {isa = PBXFileReference; lastKnownFileType = file.storyboard; name = Base; path = Base.lproj/Main.storyboard; sourceTree = "<group>"; };
		6AFACA1F2B7A6A2C00BA711E /* Assets.xcassets */ = {isa = PBXFileReference; lastKnownFileType = folder.assetcatalog; path = Assets.xcassets; sourceTree = "<group>"; };
		6AFACA222B7A6A2C00BA711E /* Base */ = {isa = PBXFileReference; lastKnownFileType = file.storyboard; name = Base; path = Base.lproj/LaunchScreen.storyboard; sourceTree = "<group>"; };
		6AFACA242B7A6A2C00BA711E /* Info.plist */ = {isa = PBXFileReference; lastKnownFileType = text.plist.xml; path = Info.plist; sourceTree = "<group>"; };
		6AFACA292B7A6A2C00BA711E /* TextMagTests.xctest */ = {isa = PBXFileReference; explicitFileType = wrapper.cfbundle; includeInIndex = 0; path = TextMagTests.xctest; sourceTree = BUILT_PRODUCTS_DIR; };
		6AFACA2D2B7A6A2C00BA711E /* TextMagTests.swift */ = {isa = PBXFileReference; lastKnownFileType = sourcecode.swift; path = TextMagTests.swift; sourceTree = "<group>"; };
		6AFACA332B7A6A2C00BA711E /* TextMagUITests.xctest */ = {isa = PBXFileReference; explicitFileType = wrapper.cfbundle; includeInIndex = 0; path = TextMagUITests.xctest; sourceTree = BUILT_PRODUCTS_DIR; };
		6AFACA372B7A6A2C00BA711E /* TextMagUITests.swift */ = {isa = PBXFileReference; lastKnownFileType = sourcecode.swift; path = TextMagUITests.swift; sourceTree = "<group>"; };
		6AFACA392B7A6A2C00BA711E /* TextMagUITestsLaunchTests.swift */ = {isa = PBXFileReference; lastKnownFileType = sourcecode.swift; path = TextMagUITestsLaunchTests.swift; sourceTree = "<group>"; };
/* End PBXFileReference section */

/* Begin PBXFrameworksBuildPhase section */
		6AFACA102B7A6A2A00BA711E /* Frameworks */ = {
			isa = PBXFrameworksBuildPhase;
			buildActionMask = 2147483647;
			files = (
			);
			runOnlyForDeploymentPostprocessing = 0;
		};
		6AFACA262B7A6A2C00BA711E /* Frameworks */ = {
			isa = PBXFrameworksBuildPhase;
			buildActionMask = 2147483647;
			files = (
			);
			runOnlyForDeploymentPostprocessing = 0;
		};
		6AFACA302B7A6A2C00BA711E /* Frameworks */ = {
			isa = PBXFrameworksBuildPhase;
			buildActionMask = 2147483647;
			files = (
			);
			runOnlyForDeploymentPostprocessing = 0;
		};
/* End PBXFrameworksBuildPhase section */

/* Begin PBXGroup section */
		6AFACA0A2B7A6A2A00BA711E = {
			isa = PBXGroup;
			children = (
				6AFACA152B7A6A2A00BA711E /* TextMag */,
				6AFACA2C2B7A6A2C00BA711E /* TextMagTests */,
				6AFACA362B7A6A2C00BA711E /* TextMagUITests */,
				6AFACA142B7A6A2A00BA711E /* Products */,
			);
			sourceTree = "<group>";
		};
		6AFACA142B7A6A2A00BA711E /* Products */ = {
			isa = PBXGroup;
			children = (
				6AFACA132B7A6A2A00BA711E /* TextMag.app */,
				6AFACA292B7A6A2C00BA711E /* TextMagTests.xctest */,
				6AFACA332B7A6A2C00BA711E /* TextMagUITests.xctest */,
			);
			name = Products;
			sourceTree = "<group>";
		};
		6AFACA152B7A6A2A00BA711E /* TextMag */ = {
			isa = PBXGroup;
			children = (
				6AFACA162B7A6A2A00BA711E /* AppDelegate.swift */,
				6AFACA182B7A6A2A00BA711E /* SceneDelegate.swift */,
				6AFACA1A2B7A6A2A00BA711E /* ViewController.swift */,
				6AFACA1C2B7A6A2A00BA711E /* Main.storyboard */,
				6AFACA1F2B7A6A2C00BA711E /* Assets.xcassets */,
				6AFACA212B7A6A2C00BA711E /* LaunchScreen.storyboard */,
				6AFACA242B7A6A2C00BA711E /* Info.plist */,
			);
			path = TextMag;
			sourceTree = "<group>";
		};
		6AFACA2C2B7A6A2C00BA711E /* TextMagTests */ = {
			isa = PBXGroup;
			children = (
				6AFACA2D2B7A6A2C00BA711E /* TextMagTests.swift */,
			);
			path = TextMagTests;
			sourceTree = "<group>";
		};
		6AFACA362B7A6A2C00BA711E /* TextMagUITests */ = {
			isa = PBXGroup;
			children = (
				6AFACA372B7A6A2C00BA711E /* TextMagUITests.swift */,
				6AFACA392B7A6A2C00BA711E /* TextMagUITestsLaunchTests.swift */,
			);
			path = TextMagUITests;
			sourceTree = "<group>";
		};
/* End PBXGroup section */

/* Begin PBXNativeTarget section */
		6AFACA122B7A6A2A00BA711E /* TextMag */ = {
			isa = PBXNativeTarget;
			buildConfigurationList = 6AFACA3D2B7A6A2C00BA711E /* Build configuration list for PBXNativeTarget "TextMag" */;
			buildPhases = (
				6AFACA0F2B7A6A2A00BA711E /* Sources */,
				6AFACA102B7A6A2A00BA711E /* Frameworks */,
				6AFACA112B7A6A2A00BA711E /* Resources */,
			);
			buildRules = (
			);
			dependencies = (
			);
			name = TextMag;
			productName = TextMag;
			productReference = 6AFACA132B7A6A2A00BA711E /* TextMag.app */;
			productType = "com.apple.product-type.application";
		};
		6AFACA282B7A6A2C00BA711E /* TextMagTests */ = {
			isa = PBXNativeTarget;
			buildConfigurationList = 6AFACA402B7A6A2C00BA711E /* Build configuration list for PBXNativeTarget "TextMagTests" */;
			buildPhases = (
				6AFACA252B7A6A2C00BA711E /* Sources */,
				6AFACA262B7A6A2C00BA711E /* Frameworks */,
				6AFACA272B7A6A2C00BA711E /* Resources */,
			);
			buildRules = (
			);
			dependencies = (
				6AFACA2B2B7A6A2C00BA711E /* PBXTargetDependency */,
			);
			name = TextMagTests;
			productName = TextMagTests;
			productReference = 6AFACA292B7A6A2C00BA711E /* TextMagTests.xctest */;
			productType = "com.apple.product-type.bundle.unit-test";
		};
		6AFACA322B7A6A2C00BA711E /* TextMagUITests */ = {
			isa = PBXNativeTarget;
			buildConfigurationList = 6AFACA432B7A6A2C00BA711E /* Build configuration list for PBXNativeTarget "TextMagUITests" */;
			buildPhases = (
				6AFACA2F2B7A6A2C00BA711E /* Sources */,
				6AFACA302B7A6A2C00BA711E /* Frameworks */,
				6AFACA312B7A6A2C00BA711E /* Resources */,
			);
			buildRules = (
			);
			dependencies = (
				6AFACA352B7A6A2C00BA711E /* PBXTargetDependency */,
			);
			name = TextMagUITests;
			productName = TextMagUITests;
			productReference = 6AFACA332B7A6A2C00BA711E /* TextMagUITests.xctest */;
			productType = "com.apple.product-type.bundle.ui-testing";
		};
/* End PBXNativeTarget section */

/* Begin PBXProject section */
		6AFACA0B2B7A6A2A00BA711E /* Project object */ = {
			isa = PBXProject;
			attributes = {
				BuildIndependentTargetsInParallel = 1;
				LastSwiftUpdateCheck = 1420;
				LastUpgradeCheck = 1420;
				TargetAttributes = {
					6AFACA122B7A6A2A00BA711E = {
						CreatedOnToolsVersion = 14.2;
					};
					6AFACA282B7A6A2C00BA711E = {
						CreatedOnToolsVersion = 14.2;
						TestTargetID = 6AFACA122B7A6A2A00BA711E;
					};
					6AFACA322B7A6A2C00BA711E = {
						CreatedOnToolsVersion = 14.2;
						TestTargetID = 6AFACA122B7A6A2A00BA711E;
					};
				};
			};
			buildConfigurationList = 6AFACA0E2B7A6A2A00BA711E /* Build configuration list for PBXProject "TextMag" */;
			compatibilityVersion = "Xcode 14.0";
			developmentRegion = en;
			hasScannedForEncodings = 0;
			knownRegions = (
				en,
				Base,
			);
			mainGroup = 6AFACA0A2B7A6A2A00BA711E;
			productRefGroup = 6AFACA142B7A6A2A00BA711E /* Products */;
			projectDirPath = "";
			projectRoot = "";
			targets = (
				6AFACA122B7A6A2A00BA711E /* TextMag */,
				6AFACA282B7A6A2C00BA711E /* TextMagTests */,
				6AFACA322B7A6A2C00BA711E /* TextMagUITests */,
			);
		};
/* End PBXProject section */

/* Begin PBXResourcesBuildPhase section */
		6AFACA112B7A6A2A00BA711E /* Resources */ = {
			isa = PBXResourcesBuildPhase;
			buildActionMask = 2147483647;
			files = (
				6AFACA232B7A6A2C00BA711E /* LaunchScreen.storyboard in Resources */,
				6AFACA202B7A6A2C00BA711E /* Assets.xcassets in Resources */,
				6AFACA1E2B7A6A2A00BA711E /* Main.storyboard in Resources */,
			);
			runOnlyForDeploymentPostprocessing = 0;
		};
		6AFACA272B7A6A2C00BA711E /* Resources */ = {
			isa = PBXResourcesBuildPhase;
			buildActionMask = 2147483647;
			files = (
			);
			runOnlyForDeploymentPostprocessing = 0;
		};
		6AFACA312B7A6A2C00BA711E /* Resources */ = {
			isa = PBXResourcesBuildPhase;
			buildActionMask = 2147483647;
			files = (
			);
			runOnlyForDeploymentPostprocessing = 0;
		};
/* End PBXResourcesBuildPhase section */

/* Begin PBXSourcesBuildPhase section */
		6AFACA0F2B7A6A2A00BA711E /* Sources */ = {
			isa = PBXSourcesBuildPhase;
			buildActionMask = 2147483647;
			files = (
				6AFACA1B2B7A6A2A00BA711E /* ViewController.swift in Sources */,
				6AFACA172B7A6A2A00BA711E /* AppDelegate.swift in Sources */,
				6AFACA192B7A6A2A00BA711E /* SceneDelegate.swift in Sources */,
			);
			runOnlyForDeploymentPostprocessing = 0;
		};
		6AFACA252B7A6A2C00BA711E /* Sources */ = {
			isa = PBXSourcesBuildPhase;
			buildActionMask = 2147483647;
			files = (
				6AFACA2E2B7A6A2C00BA711E /* TextMagTests.swift in Sources */,
			);
			runOnlyForDeploymentPostprocessing = 0;
		};
		6AFACA2F2B7A6A2C00BA711E /* Sources */ = {
			isa = PBXSourcesBuildPhase;
			buildActionMask = 2147483647;
			files = (
				6AFACA382B7A6A2C00BA711E /* TextMagUITests.swift in Sources */,
				6AFACA3A2B7A6A2C00BA711E /* TextMagUITestsLaunchTests.swift in Sources */,
			);
			runOnlyForDeploymentPostprocessing = 0;
		};
/* End PBXSourcesBuildPhase section */

/* Begin PBXTargetDependency section */
		6AFACA2B2B7A6A2C00BA711E /* PBXTargetDependency */ = {
			isa = PBXTargetDependency;
			target = 6AFACA122B7A6A2A00BA711E /* TextMag */;
			targetProxy = 6AFACA2A2B7A6A2C00BA711E /* PBXContainerItemProxy */;
		};
		6AFACA352B7A6A2C00BA711E /* PBXTargetDependency */ = {
			isa = PBXTargetDependency;
			target = 6AFACA122B7A6A2A00BA711E /* TextMag */;
			targetProxy = 6AFACA342B7A6A2C00BA711E /* PBXContainerItemProxy */;
		};
/* End PBXTargetDependency section */

/* Begin PBXVariantGroup section */
		6AFACA1C2B7A6A2A00BA711E /* Main.storyboard */ = {
			isa = PBXVariantGroup;
			children = (
				6AFACA1D2B7A6A2A00BA711E /* Base */,
			);
			name = Main.storyboard;
			sourceTree = "<group>";
		};
		6AFACA212B7A6A2C00BA711E /* LaunchScreen.storyboard */ = {
			isa = PBXVariantGroup;
			children = (
				6AFACA222B7A6A2C00BA711E /* Base */,
			);
			name = LaunchScreen.storyboard;
			sourceTree = "<group>";
		};
/* End PBXVariantGroup section */

/* Begin XCBuildConfiguration section */
		6AFACA3B2B7A6A2C00BA711E /* Debug */ = {
			isa = XCBuildConfiguration;
			buildSettings = {
				ALWAYS_SEARCH_USER_PATHS = NO;
				CLANG_ANALYZER_NONNULL = YES;
				CLANG_ANALYZER_NUMBER_OBJECT_CONVERSION = YES_AGGRESSIVE;
				CLANG_CXX_LANGUAGE_STANDARD = "gnu++20";
				CLANG_ENABLE_MODULES = YES;
				CLANG_ENABLE_OBJC_ARC = YES;
				CLANG_ENABLE_OBJC_WEAK = YES;
				CLANG_WARN_BLOCK_CAPTURE_AUTORELEASING = YES;
				CLANG_WARN_BOOL_CONVERSION = YES;
				CLANG_WARN_COMMA = YES;
				CLANG_WARN_CONSTANT_CONVERSION = YES;
				CLANG_WARN_DEPRECATED_OBJC_IMPLEMENTATIONS = YES;
				CLANG_WARN_DIRECT_OBJC_ISA_USAGE = YES_ERROR;
				CLANG_WARN_DOCUMENTATION_COMMENTS = YES;
				CLANG_WARN_EMPTY_BODY = YES;
				CLANG_WARN_ENUM_CONVERSION = YES;
				CLANG_WARN_INFINITE_RECURSION = YES;
				CLANG_WARN_INT_CONVERSION = YES;
				CLANG_WARN_NON_LITERAL_NULL_CONVERSION = YES;
				CLANG_WARN_OBJC_IMPLICIT_RETAIN_SELF = YES;
				CLANG_WARN_OBJC_LITERAL_CONVERSION = YES;
				CLANG_WARN_OBJC_ROOT_CLASS = YES_ERROR;
				CLANG_WARN_QUOTED_INCLUDE_IN_FRAMEWORK_HEADER = YES;
				CLANG_WARN_RANGE_LOOP_ANALYSIS = YES;
				CLANG_WARN_STRICT_PROTOTYPES = YES;
				CLANG_WARN_SUSPICIOUS_MOVE = YES;
				CLANG_WARN_UNGUARDED_AVAILABILITY = YES_AGGRESSIVE;
				CLANG_WARN_UNREACHABLE_CODE = YES;
				CLANG_WARN__DUPLICATE_METHOD_MATCH = YES;
				COPY_PHASE_STRIP = NO;
				DEBUG_INFORMATION_FORMAT = dwarf;
				ENABLE_STRICT_OBJC_MSGSEND = YES;
				ENABLE_TESTABILITY = YES;
				GCC_C_LANGUAGE_STANDARD = gnu11;
				GCC_DYNAMIC_NO_PIC = NO;
				GCC_NO_COMMON_BLOCKS = YES;
				GCC_OPTIMIZATION_LEVEL = 0;
				GCC_PREPROCESSOR_DEFINITIONS = (
					"DEBUG=1",
					"$(inherited)",
				);
				GCC_WARN_64_TO_32_BIT_CONVERSION = YES;
				GCC_WARN_ABOUT_RETURN_TYPE = YES_ERROR;
				GCC_WARN_UNDECLARED_SELECTOR = YES;
				GCC_WARN_UNINITIALIZED_AUTOS = YES_AGGRESSIVE;
				GCC_WARN_UNUSED_FUNCTION = YES;
				GCC_WARN_UNUSED_VARIABLE = YES;
				IPHONEOS_DEPLOYMENT_TARGET = 16.2;
				MTL_ENABLE_DEBUG_INFO = INCLUDE_SOURCE;
				MTL_FAST_MATH = YES;
				ONLY_ACTIVE_ARCH = YES;
				SDKROOT = iphoneos;
				SWIFT_ACTIVE_COMPILATION_CONDITIONS = DEBUG;
				SWIFT_OPTIMIZATION_LEVEL = "-Onone";
			};
			name = Debug;
		};
		6AFACA3C2B7A6A2C00BA711E /* Release */ = {
			isa = XCBuildConfiguration;
			buildSettings = {
				ALWAYS_SEARCH_USER_PATHS = NO;
				CLANG_ANALYZER_NONNULL = YES;
				CLANG_ANALYZER_NUMBER_OBJECT_CONVERSION = YES_AGGRESSIVE;
				CLANG_CXX_LANGUAGE_STANDARD = "gnu++20";
				CLANG_ENABLE_MODULES = YES;
				CLANG_ENABLE_OBJC_ARC = YES;
				CLANG_ENABLE_OBJC_WEAK = YES;
				CLANG_WARN_BLOCK_CAPTURE_AUTORELEASING = YES;
				CLANG_WARN_BOOL_CONVERSION = YES;
				CLANG_WARN_COMMA = YES;
				CLANG_WARN_CONSTANT_CONVERSION = YES;
				CLANG_WARN_DEPRECATED_OBJC_IMPLEMENTATIONS = YES;
				CLANG_WARN_DIRECT_OBJC_ISA_USAGE = YES_ERROR;
				CLANG_WARN_DOCUMENTATION_COMMENTS = YES;
				CLANG_WARN_EMPTY_BODY = YES;
				CLANG_WARN_ENUM_CONVERSION = YES;
				CLANG_WARN_INFINITE_RECURSION = YES;
				CLANG_WARN_INT_CONVERSION = YES;
				CLANG_WARN_NON_LITERAL_NULL_CONVERSION = YES;
				CLANG_WARN_OBJC_IMPLICIT_RETAIN_SELF = YES;
				CLANG_WARN_OBJC_LITERAL_CONVERSION = YES;
				CLANG_WARN_OBJC_ROOT_CLASS = YES_ERROR;
				CLANG_WARN_QUOTED_INCLUDE_IN_FRAMEWORK_HEADER = YES;
				CLANG_WARN_RANGE_LOOP_ANALYSIS = YES;
				CLANG_WARN_STRICT_PROTOTYPES = YES;
				CLANG_WARN_SUSPICIOUS_MOVE = YES;
				CLANG_WARN_UNGUARDED_AVAILABILITY = YES_AGGRESSIVE;
				CLANG_WARN_UNREACHABLE_CODE = YES;
				CLANG_WARN__DUPLICATE_METHOD_MATCH = YES;
				COPY_PHASE_STRIP = NO;
				DEBUG_INFORMATION_FORMAT = "dwarf-with-dsym";
				ENABLE_NS_ASSERTIONS = NO;
				ENABLE_STRICT_OBJC_MSGSEND = YES;
				GCC_C_LANGUAGE_STANDARD = gnu11;
				GCC_NO_COMMON_BLOCKS = YES;
				GCC_WARN_64_TO_32_BIT_CONVERSION = YES;
				GCC_WARN_ABOUT_RETURN_TYPE = YES_ERROR;
				GCC_WARN_UNDECLARED_SELECTOR = YES;
				GCC_WARN_UNINITIALIZED_AUTOS = YES_AGGRESSIVE;
				GCC_WARN_UNUSED_FUNCTION = YES;
				GCC_WARN_UNUSED_VARIABLE = YES;
				IPHONEOS_DEPLOYMENT_TARGET = 16.2;
				MTL_ENABLE_DEBUG_INFO = NO;
				MTL_FAST_MATH = YES;
				SDKROOT = iphoneos;
				SWIFT_COMPILATION_MODE = wholemodule;
				SWIFT_OPTIMIZATION_LEVEL = "-O";
				VALIDATE_PRODUCT = YES;
			};
			name = Release;
		};
		6AFACA3E2B7A6A2C00BA711E /* Debug */ = {
			isa = XCBuildConfiguration;
			buildSettings = {
				ASSETCATALOG_COMPILER_APPICON_NAME = AppIcon;
				ASSETCATALOG_COMPILER_GLOBAL_ACCENT_COLOR_NAME = AccentColor;
				CODE_SIGN_STYLE = Automatic;
				CURRENT_PROJECT_VERSION = 1;
				DEVELOPMENT_TEAM = 2PKK9YGHP4;
				GENERATE_INFOPLIST_FILE = YES;
				INFOPLIST_FILE = TextMag/Info.plist;
				INFOPLIST_KEY_UIApplicationSupportsIndirectInputEvents = YES;
				INFOPLIST_KEY_UILaunchStoryboardName = LaunchScreen;
				INFOPLIST_KEY_UIMainStoryboardFile = Main;
				INFOPLIST_KEY_UISupportedInterfaceOrientations_iPad = "UIInterfaceOrientationPortrait UIInterfaceOrientationPortraitUpsideDown UIInterfaceOrientationLandscapeLeft UIInterfaceOrientationLandscapeRight";
				INFOPLIST_KEY_UISupportedInterfaceOrientations_iPhone = "UIInterfaceOrientationPortrait UIInterfaceOrientationLandscapeLeft UIInterfaceOrientationLandscapeRight";
				LD_RUNPATH_SEARCH_PATHS = (
					"$(inherited)",
					"@executable_path/Frameworks",
				);
				MARKETING_VERSION = 1.0;
				PRODUCT_BUNDLE_IDENTIFIER = danisk.TextMag;
				PRODUCT_NAME = "$(TARGET_NAME)";
				SWIFT_EMIT_LOC_STRINGS = YES;
				SWIFT_VERSION = 5.0;
				TARGETED_DEVICE_FAMILY = "1,2";
			};
			name = Debug;
		};
		6AFACA3F2B7A6A2C00BA711E /* Release */ = {
			isa = XCBuildConfiguration;
			buildSettings = {
				ASSETCATALOG_COMPILER_APPICON_NAME = AppIcon;
				ASSETCATALOG_COMPILER_GLOBAL_ACCENT_COLOR_NAME = AccentColor;
				CODE_SIGN_STYLE = Automatic;
				CURRENT_PROJECT_VERSION = 1;
				DEVELOPMENT_TEAM = 2PKK9YGHP4;
				GENERATE_INFOPLIST_FILE = YES;
				INFOPLIST_FILE = TextMag/Info.plist;
				INFOPLIST_KEY_UIApplicationSupportsIndirectInputEvents = YES;
				INFOPLIST_KEY_UILaunchStoryboardName = LaunchScreen;
				INFOPLIST_KEY_UIMainStoryboardFile = Main;
				INFOPLIST_KEY_UISupportedInterfaceOrientations_iPad = "UIInterfaceOrientationPortrait UIInterfaceOrientationPortraitUpsideDown UIInterfaceOrientationLandscapeLeft UIInterfaceOrientationLandscapeRight";
				INFOPLIST_KEY_UISupportedInterfaceOrientations_iPhone = "UIInterfaceOrientationPortrait UIInterfaceOrientationLandscapeLeft UIInterfaceOrientationLandscapeRight";
				LD_RUNPATH_SEARCH_PATHS = (
					"$(inherited)",
					"@executable_path/Frameworks",
				);
				MARKETING_VERSION = 1.0;
				PRODUCT_BUNDLE_IDENTIFIER = danisk.TextMag;
				PRODUCT_NAME = "$(TARGET_NAME)";
				SWIFT_EMIT_LOC_STRINGS = YES;
				SWIFT_VERSION = 5.0;
				TARGETED_DEVICE_FAMILY = "1,2";
			};
			name = Release;
		};
		6AFACA412B7A6A2C00BA711E /* Debug */ = {
			isa = XCBuildConfiguration;
			buildSettings = {
				ALWAYS_EMBED_SWIFT_STANDARD_LIBRARIES = YES;
				BUNDLE_LOADER = "$(TEST_HOST)";
				CODE_SIGN_STYLE = Automatic;
				CURRENT_PROJECT_VERSION = 1;
				GENERATE_INFOPLIST_FILE = YES;
				IPHONEOS_DEPLOYMENT_TARGET = 16.2;
				MARKETING_VERSION = 1.0;
				PRODUCT_BUNDLE_IDENTIFIER = danisk.TextMagTests;
				PRODUCT_NAME = "$(TARGET_NAME)";
				SWIFT_EMIT_LOC_STRINGS = NO;
				SWIFT_VERSION = 5.0;
				TARGETED_DEVICE_FAMILY = "1,2";
				TEST_HOST = "$(BUILT_PRODUCTS_DIR)/TextMag.app/$(BUNDLE_EXECUTABLE_FOLDER_PATH)/TextMag";
			};
			name = Debug;
		};
		6AFACA422B7A6A2C00BA711E /* Release */ = {
			isa = XCBuildConfiguration;
			buildSettings = {
				ALWAYS_EMBED_SWIFT_STANDARD_LIBRARIES = YES;
				BUNDLE_LOADER = "$(TEST_HOST)";
				CODE_SIGN_STYLE = Automatic;
				CURRENT_PROJECT_VERSION = 1;
				GENERATE_INFOPLIST_FILE = YES;
				IPHONEOS_DEPLOYMENT_TARGET = 16.2;
				MARKETING_VERSION = 1.0;
				PRODUCT_BUNDLE_IDENTIFIER = danisk.TextMagTests;
				PRODUCT_NAME = "$(TARGET_NAME)";
				SWIFT_EMIT_LOC_STRINGS = NO;
				SWIFT_VERSION = 5.0;
				TARGETED_DEVICE_FAMILY = "1,2";
				TEST_HOST = "$(BUILT_PRODUCTS_DIR)/TextMag.app/$(BUNDLE_EXECUTABLE_FOLDER_PATH)/TextMag";
			};
			name = Release;
		};
		6AFACA442B7A6A2C00BA711E /* Debug */ = {
			isa = XCBuildConfiguration;
			buildSettings = {
				ALWAYS_EMBED_SWIFT_STANDARD_LIBRARIES = YES;
				CODE_SIGN_STYLE = Automatic;
				CURRENT_PROJECT_VERSION = 1;
				GENERATE_INFOPLIST_FILE = YES;
				MARKETING_VERSION = 1.0;
				PRODUCT_BUNDLE_IDENTIFIER = danisk.TextMagUITests;
				PRODUCT_NAME = "$(TARGET_NAME)";
				SWIFT_EMIT_LOC_STRINGS = NO;
				SWIFT_VERSION = 5.0;
				TARGETED_DEVICE_FAMILY = "1,2";
				TEST_TARGET_NAME = TextMag;
			};
			name = Debug;
		};
		6AFACA452B7A6A2C00BA711E /* Release */ = {
			isa = XCBuildConfiguration;
			buildSettings = {
				ALWAYS_EMBED_SWIFT_STANDARD_LIBRARIES = YES;
				CODE_SIGN_STYLE = Automatic;
				CURRENT_PROJECT_VERSION = 1;
				GENERATE_INFOPLIST_FILE = YES;
				MARKETING_VERSION = 1.0;
				PRODUCT_BUNDLE_IDENTIFIER = danisk.TextMagUITests;
				PRODUCT_NAME = "$(TARGET_NAME)";
				SWIFT_EMIT_LOC_STRINGS = NO;
				SWIFT_VERSION = 5.0;
				TARGETED_DEVICE_FAMILY = "1,2";
				TEST_TARGET_NAME = TextMag;
			};
			name = Release;
		};
/* End XCBuildConfiguration section */

/* Begin XCConfigurationList section */
		6AFACA0E2B7A6A2A00BA711E /* Build configuration list for PBXProject "TextMag" */ = {
			isa = XCConfigurationList;
			buildConfigurations = (
				6AFACA3B2B7A6A2C00BA711E /* Debug */,
				6AFACA3C2B7A6A2C00BA711E /* Release */,
			);
			defaultConfigurationIsVisible = 0;
			defaultConfigurationName = Release;
		};
		6AFACA3D2B7A6A2C00BA711E /* Build configuration list for PBXNativeTarget "TextMag" */ = {
			isa = XCConfigurationList;
			buildConfigurations = (
				6AFACA3E2B7A6A2C00BA711E /* Debug */,
				6AFACA3F2B7A6A2C00BA711E /* Release */,
			);
			defaultConfigurationIsVisible = 0;
			defaultConfigurationName = Release;
		};
		6AFACA402B7A6A2C00BA711E /* Build configuration list for PBXNativeTarget "TextMagTests" */ = {
			isa = XCConfigurationList;
			buildConfigurations = (
				6AFACA412B7A6A2C00BA711E /* Debug */,
				6AFACA422B7A6A2C00BA711E /* Release */,
			);
			defaultConfigurationIsVisible = 0;
			defaultConfigurationName = Release;
		};
		6AFACA432B7A6A2C00BA711E /* Build configuration list for PBXNativeTarget "TextMagUITests" */ = {
			isa = XCConfigurationList;
			buildConfigurations = (
				6AFACA442B7A6A2C00BA711E /* Debug */,
				6AFACA452B7A6A2C00BA711E /* Release */,
			);
			defaultConfigurationIsVisible = 0;
			defaultConfigurationName = Release;
		};
/* End XCConfigurationList section */
	};
	rootObject = 6AFACA0B2B7A6A2A00BA711E /* Project object */;
}
